
Microsoft Visual Studio Solution File, Format Version 12.00
# Visual Studio 15
Project("{FAE04EC0-301F-11D3-BF4B-00C04F79EFBC}") = "Assembly-CSharp", "Assembly-CSharp.csproj", "{86B562EC-7D07-0507-FBC0-F239DDAF643B}"
EndProject
Project("{FAE04EC0-301F-11D3-BF4B-00C04F79EFBC}") = "Assembly-CSharp-Editor", "Assembly-CSharp-Editor.csproj", "{CE915B0C-0611-8750-D980-CD7921D56502}"
EndProject
Global
	GlobalSection(SolutionConfigurationPlatforms) = preSolution
		Debug|Any CPU = Debug|Any CPU
		Release|Any CPU = Release|Any CPU
	EndGlobalSection
	GlobalSection(ProjectConfigurationPlatforms) = postSolution
		{86B562EC-7D07-0507-FBC0-F239DDAF643B}.Debug|Any CPU.ActiveCfg = Debug|Any CPU
		{86B562EC-7D07-0507-FBC0-F239DDAF643B}.Debug|Any CPU.Build.0 = Debug|Any CPU
		{86B562EC-7D07-0507-FBC0-F239DDAF643B}.Release|Any CPU.ActiveCfg = Release|Any CPU
		{86B562EC-7D07-0507-FBC0-F239DDAF643B}.Release|Any CPU.Build.0 = Release|Any CPU
		{CE915B0C-0611-8750-D980-CD7921D56502}.Debug|Any CPU.ActiveCfg = Debug|Any CPU
		{CE915B0C-0611-8750-D980-CD7921D56502}.Debug|Any CPU.Build.0 = Debug|Any CPU
		{CE915B0C-0611-8750-D980-CD7921D56502}.Release|Any CPU.ActiveCfg = Release|Any CPU
		{CE915B0C-0611-8750-D980-CD7921D56502}.Release|Any CPU.Build.0 = Release|Any CPU
	EndGlobalSection
	GlobalSection(SolutionProperties) = preSolution
		HideSolutionNode = FALSE
	EndGlobalSection
EndGlobal
